// !$*UTF8*$!
{
	archiveVersion = 1;
	classes = {
	};
	objectVersion = 46;
	objects = {

/* Begin PBXBuildFile section */
		2B4892421580393400CB55B9 /* UIKit.framework in Frameworks */ = {isa = PBXBuildFile; fileRef = 2B4892411580393400CB55B9 /* UIKit.framework */; };
		2B4892441580393400CB55B9 /* Foundation.framework in Frameworks */ = {isa = PBXBuildFile; fileRef = 2B4892431580393400CB55B9 /* Foundation.framework */; };
		2B4892461580393400CB55B9 /* CoreGraphics.framework in Frameworks */ = {isa = PBXBuildFile; fileRef = 2B4892451580393400CB55B9 /* CoreGraphics.framework */; };
		2B48924C1580393400CB55B9 /* InfoPlist.strings in Resources */ = {isa = PBXBuildFile; fileRef = 2B48924A1580393400CB55B9 /* InfoPlist.strings */; };
		2B48924E1580393400CB55B9 /* main.m in Sources */ = {isa = PBXBuildFile; fileRef = 2B48924D1580393400CB55B9 /* main.m */; };
		2B4892521580393400CB55B9 /* ProjectAppDelegate.m in Sources */ = {isa = PBXBuildFile; fileRef = 2B4892511580393400CB55B9 /* ProjectAppDelegate.m */; };
/* End PBXBuildFile section */

/* Begin PBXFileReference section */
		2B48923D1580393400CB55B9 /* Jun7.app */ = {isa = PBXFileReference; explicitFileType = wrapper.application; includeInIndex = 0; path = Jun7.app; sourceTree = BUILT_PRODUCTS_DIR; };
		2B4892411580393400CB55B9 /* UIKit.framework */ = {isa = PBXFileReference; lastKnownFileType = wrapper.framework; name = UIKit.framework; path = System/Library/Frameworks/UIKit.framework; sourceTree = SDKROOT; };
		2B4892431580393400CB55B9 /* Foundation.framework */ = {isa = PBXFileReference; lastKnownFileType = wrapper.framework; name = Foundation.framework; path = System/Library/Frameworks/Foundation.framework; sourceTree = SDKROOT; };
		2B4892451580393400CB55B9 /* CoreGraphics.framework */ = {isa = PBXFileReference; lastKnownFileType = wrapper.framework; name = CoreGraphics.framework; path = System/Library/Frameworks/CoreGraphics.framework; sourceTree = SDKROOT; };
		2B4892491580393400CB55B9 /* Jun7-Info.plist */ = {isa = PBXFileReference; lastKnownFileType = text.plist.xml; path = "Jun7-Info.plist"; sourceTree = "<group>"; };
		2B48924B1580393400CB55B9 /* en */ = {isa = PBXFileReference; lastKnownFileType = text.plist.strings; name = en; path = en.lproj/InfoPlist.strings; sourceTree = "<group>"; };
		2B48924D1580393400CB55B9 /* main.m */ = {isa = PBXFileReference; lastKnownFileType = sourcecode.c.objc; path = main.m; sourceTree = "<group>"; };
		2B48924F1580393400CB55B9 /* Jun7-Prefix.pch */ = {isa = PBXFileReference; lastKnownFileType = sourcecode.c.h; path = "Jun7-Prefix.pch"; sourceTree = "<group>"; };
		2B4892501580393400CB55B9 /* ProjectAppDelegate.h */ = {isa = PBXFileReference; lastKnownFileType = sourcecode.c.h; path = ProjectAppDelegate.h; sourceTree = "<group>"; };
		2B4892511580393400CB55B9 /* ProjectAppDelegate.m */ = {isa = PBXFileReference; lastKnownFileType = sourcecode.c.objc; path = ProjectAppDelegate.m; sourceTree = "<group>"; };
/* End PBXFileReference section */

/* Begin PBXFrameworksBuildPhase section */
		2B48923A1580393400CB55B9 /* Frameworks */ = {
			isa = PBXFrameworksBuildPhase;
			buildActionMask = 2147483647;
			files = (
				2B4892421580393400CB55B9 /* UIKit.framework in Frameworks */,
				2B4892441580393400CB55B9 /* Foundation.framework in Frameworks */,
				2B4892461580393400CB55B9 /* CoreGraphics.framework in Frameworks */,
			);
			runOnlyForDeploymentPostprocessing = 0;
		};
/* End PBXFrameworksBuildPhase section */

/* Begin PBXGroup section */
		2B4892321580393400CB55B9 = {
			isa = PBXGroup;
			children = (
				2B4892471580393400CB55B9 /* Jun7 */,
				2B4892401580393400CB55B9 /* Frameworks */,
				2B48923E1580393400CB55B9 /* Products */,
			);
			sourceTree = "<group>";
		};
		2B48923E1580393400CB55B9 /* Products */ = {
			isa = PBXGroup;
			children = (
				2B48923D1580393400CB55B9 /* Jun7.app */,
			);
			name = Products;
			sourceTree = "<group>";
		};
		2B4892401580393400CB55B9 /* Frameworks */ = {
			isa = PBXGroup;
			children = (
				2B4892411580393400CB55B9 /* UIKit.framework */,
				2B4892431580393400CB55B9 /* Foundation.framework */,
				2B4892451580393400CB55B9 /* CoreGraphics.framework */,
			);
			name = Frameworks;
			sourceTree = "<group>";
		};
		2B4892471580393400CB55B9 /* Jun7 */ = {
			isa = PBXGroup;
			children = (
				2B4892501580393400CB55B9 /* ProjectAppDelegate.h */,
				2B4892511580393400CB55B9 /* ProjectAppDelegate.m */,
				2B4892481580393400CB55B9 /* Supporting Files */,
			);
			path = Jun7;
			sourceTree = "<group>";
		};
		2B4892481580393400CB55B9 /* Supporting Files */ = {
			isa = PBXGroup;
			children = (
				2B4892491580393400CB55B9 /* Jun7-Info.plist */,
				2B48924A1580393400CB55B9 /* InfoPlist.strings */,
				2B48924D1580393400CB55B9 /* main.m */,
				2B48924F1580393400CB55B9 /* Jun7-Prefix.pch */,
			);
			name = "Supporting Files";
			sourceTree = "<group>";
		};
/* End PBXGroup section */

/* Begin PBXNativeTarget section */
		2B48923C1580393400CB55B9 /* Jun7 */ = {
			isa = PBXNativeTarget;
			buildConfigurationList = 2B4892551580393400CB55B9 /* Build configuration list for PBXNativeTarget "Jun7" */;
			buildPhases = (
				2B4892391580393400CB55B9 /* Sources */,
				2B48923A1580393400CB55B9 /* Frameworks */,
				2B48923B1580393400CB55B9 /* Resources */,
			);
			buildRules = (
			);
			dependencies = (
			);
			name = Jun7;
			productName = Jun7;
			productReference = 2B48923D1580393400CB55B9 /* Jun7.app */;
			productType = "com.apple.product-type.application";
		};
/* End PBXNativeTarget section */

/* Begin PBXProject section */
		2B4892341580393400CB55B9 /* Project object */ = {
			isa = PBXProject;
			attributes = {
				LastUpgradeCheck = 0420;
				ORGANIZATIONNAME = NBS;
			};
			buildConfigurationList = 2B4892371580393400CB55B9 /* Build configuration list for PBXProject "Jun7" */;
			compatibilityVersion = "Xcode 3.2";
			developmentRegion = English;
			hasScannedForEncodings = 0;
			knownRegions = (
				en,
			);
			mainGroup = 2B4892321580393400CB55B9;
			productRefGroup = 2B48923E1580393400CB55B9 /* Products */;
			projectDirPath = "";
			projectRoot = "";
			targets = (
				2B48923C1580393400CB55B9 /* Jun7 */,
			);
		};
/* End PBXProject section */

/* Begin PBXResourcesBuildPhase section */
		2B48923B1580393400CB55B9 /* Resources */ = {
			isa = PBXResourcesBuildPhase;
			buildActionMask = 2147483647;
			files = (
				2B48924C1580393400CB55B9 /* InfoPlist.strings in Resources */,
			);
			runOnlyForDeploymentPostprocessing = 0;
		};
/* End PBXResourcesBuildPhase section */

/* Begin PBXSourcesBuildPhase section */
		2B4892391580393400CB55B9 /* Sources */ = {
			isa = PBXSourcesBuildPhase;
			buildActionMask = 2147483647;
			files = (
				2B48924E1580393400CB55B9 /* main.m in Sources */,
				2B4892521580393400CB55B9 /* ProjectAppDelegate.m in Sources */,
			);
			runOnlyForDeploymentPostprocessing = 0;
		};
/* End PBXSourcesBuildPhase section */

/* Begin PBXVariantGroup section */
		2B48924A1580393400CB55B9 /* InfoPlist.strings */ = {
			isa = PBXVariantGroup;
			children = (
				2B48924B1580393400CB55B9 /* en */,
			);
			name = InfoPlist.strings;
			sourceTree = "<group>";
		};
/* End PBXVariantGroup section */

/* Begin XCBuildConfiguration section */
		2B4892531580393400CB55B9 /* Debug */ = {
			isa = XCBuildConfiguration;
			buildSettings = {
				ALWAYS_SEARCH_USER_PATHS = NO;
				ARCHS = "$(ARCHS_STANDARD_32_BIT)";
				CLANG_ENABLE_OBJC_ARC = YES;
				"CODE_SIGN_IDENTITY[sdk=iphoneos*]" = "iPhone Developer";
				COPY_PHASE_STRIP = NO;
				GCC_C_LANGUAGE_STANDARD = gnu99;
				GCC_DYNAMIC_NO_PIC = NO;
				GCC_OPTIMIZATION_LEVEL = 0;
				GCC_PREPROCESSOR_DEFINITIONS = (
					"DEBUG=1",
					"$(inherited)",
				);
				GCC_SYMBOLS_PRIVATE_EXTERN = NO;
				GCC_VERSION = com.apple.compilers.llvm.clang.1_0;
				GCC_WARN_ABOUT_MISSING_PROTOTYPES = YES;
				GCC_WARN_ABOUT_RETURN_TYPE = YES;
				GCC_WARN_UNUSED_VARIABLE = YES;
				IPHONEOS_DEPLOYMENT_TARGET = 5.0;
				SDKROOT = iphoneos;
			};
			name = Debug;
		};
		2B4892541580393400CB55B9 /* Release */ = {
			isa = XCBuildConfiguration;
			buildSettings = {
				ALWAYS_SEARCH_USER_PATHS = NO;
				ARCHS = "$(ARCHS_STANDARD_32_BIT)";
				CLANG_ENABLE_OBJC_ARC = YES;
				"CODE_SIGN_IDENTITY[sdk=iphoneos*]" = "iPhone Developer";
				COPY_PHASE_STRIP = YES;
				GCC_C_LANGUAGE_STANDARD = gnu99;
				GCC_VERSION = com.apple.compilers.llvm.clang.1_0;
				GCC_WARN_ABOUT_MISSING_PROTOTYPES = YES;
				GCC_WARN_ABOUT_RETURN_TYPE = YES;
				GCC_WARN_UNUSED_VARIABLE = YES;
				IPHONEOS_DEPLOYMENT_TARGET = 5.0;
				OTHER_CFLAGS = "-DNS_BLOCK_ASSERTIONS=1";
				SDKROOT = iphoneos;
				VALIDATE_PRODUCT = YES;
			};
			name = Release;
		};
		2B4892561580393400CB55B9 /* Debug */ = {
			isa = XCBuildConfiguration;
			buildSettings = {
				GCC_PRECOMPILE_PREFIX_HEADER = YES;
				GCC_PREFIX_HEADER = "Jun7/Jun7-Prefix.pch";
				INFOPLIST_FILE = "Jun7/Jun7-Info.plist";
				PRODUCT_NAME = "$(TARGET_NAME)";
				WRAPPER_EXTENSION = app;
			};
			name = Debug;
		};
		2B4892571580393400CB55B9 /* Release */ = {
			isa = XCBuildConfiguration;
			buildSettings = {
				GCC_PRECOMPILE_PREFIX_HEADER = YES;
				GCC_PREFIX_HEADER = "Jun7/Jun7-Prefix.pch";
				INFOPLIST_FILE = "Jun7/Jun7-Info.plist";
				PRODUCT_NAME = "$(TARGET_NAME)";
				WRAPPER_EXTENSION = app;
			};
			name = Release;
		};
/* End XCBuildConfiguration section */

/* Begin XCConfigurationList section */
		2B4892371580393400CB55B9 /* Build configuration list for PBXProject "Jun7" */ = {
			isa = XCConfigurationList;
			buildConfigurations = (
				2B4892531580393400CB55B9 /* Debug */,
				2B4892541580393400CB55B9 /* Release */,
			);
			defaultConfigurationIsVisible = 0;
			defaultConfigurationName = Release;
		};
		2B4892551580393400CB55B9 /* Build configuration list for PBXNativeTarget "Jun7" */ = {
			isa = XCConfigurationList;
			buildConfigurations = (
				2B4892561580393400CB55B9 /* Debug */,
				2B4892571580393400CB55B9 /* Release */,
			);
			defaultConfigurationIsVisible = 0;
		};
/* End XCConfigurationList section */
	};
	rootObject = 2B4892341580393400CB55B9 /* Project object */;
}
